// !$*UTF8*$!
{
	archiveVersion = 1;
	classes = {
	};
	objectVersion = 50;
	objects = {

/* Begin PBXBuildFile section */
		D78D6055219FB7DD00B995B8 /* AppDelegate.swift in Sources */ = {isa = PBXBuildFile; fileRef = D78D6054219FB7DD00B995B8 /* AppDelegate.swift */; };
		D78D6057219FB7DD00B995B8 /* art.scnassets in Resources */ = {isa = PBXBuildFile; fileRef = D78D6056219FB7DD00B995B8 /* art.scnassets */; };
		D78D6059219FB7DD00B995B8 /* ViewController.swift in Sources */ = {isa = PBXBuildFile; fileRef = D78D6058219FB7DD00B995B8 /* ViewController.swift */; };
		D78D605C219FB7DD00B995B8 /* Main.storyboard in Resources */ = {isa = PBXBuildFile; fileRef = D78D605A219FB7DD00B995B8 /* Main.storyboard */; };
		D78D605E219FB7DE00B995B8 /* Assets.xcassets in Resources */ = {isa = PBXBuildFile; fileRef = D78D605D219FB7DE00B995B8 /* Assets.xcassets */; };
		D78D6061219FB7DE00B995B8 /* LaunchScreen.storyboard in Resources */ = {isa = PBXBuildFile; fileRef = D78D605F219FB7DE00B995B8 /* LaunchScreen.storyboard */; };
/* End PBXBuildFile section */

/* Begin PBXFileReference section */
		D78D6051219FB7DD00B995B8 /* HexTerrainDemo.app */ = {isa = PBXFileReference; explicitFileType = wrapper.application; includeInIndex = 0; path = HexTerrainDemo.app; sourceTree = BUILT_PRODUCTS_DIR; };
		D78D6054219FB7DD00B995B8 /* AppDelegate.swift */ = {isa = PBXFileReference; lastKnownFileType = sourcecode.swift; path = AppDelegate.swift; sourceTree = "<group>"; };
		D78D6056219FB7DD00B995B8 /* art.scnassets */ = {isa = PBXFileReference; lastKnownFileType = wrapper.scnassets; path = art.scnassets; sourceTree = "<group>"; };
		D78D6058219FB7DD00B995B8 /* ViewController.swift */ = {isa = PBXFileReference; lastKnownFileType = sourcecode.swift; path = ViewController.swift; sourceTree = "<group>"; };
		D78D605B219FB7DD00B995B8 /* Base */ = {isa = PBXFileReference; lastKnownFileType = file.storyboard; name = Base; path = Base.lproj/Main.storyboard; sourceTree = "<group>"; };
		D78D605D219FB7DE00B995B8 /* Assets.xcassets */ = {isa = PBXFileReference; lastKnownFileType = folder.assetcatalog; path = Assets.xcassets; sourceTree = "<group>"; };
		D78D6060219FB7DE00B995B8 /* Base */ = {isa = PBXFileReference; lastKnownFileType = file.storyboard; name = Base; path = Base.lproj/LaunchScreen.storyboard; sourceTree = "<group>"; };
		D78D6062219FB7DE00B995B8 /* Info.plist */ = {isa = PBXFileReference; lastKnownFileType = text.plist.xml; path = Info.plist; sourceTree = "<group>"; };
/* End PBXFileReference section */

/* Begin PBXFrameworksBuildPhase section */
		D78D604E219FB7DD00B995B8 /* Frameworks */ = {
			isa = PBXFrameworksBuildPhase;
			buildActionMask = 2147483647;
			files = (
			);
			runOnlyForDeploymentPostprocessing = 0;
		};
/* End PBXFrameworksBuildPhase section */

/* Begin PBXGroup section */
		D78D6048219FB7DD00B995B8 = {
			isa = PBXGroup;
			children = (
				D78D6053219FB7DD00B995B8 /* HexTerrainDemo */,
				D78D6052219FB7DD00B995B8 /* Products */,
			);
			sourceTree = "<group>";
		};
		D78D6052219FB7DD00B995B8 /* Products */ = {
			isa = PBXGroup;
			children = (
				D78D6051219FB7DD00B995B8 /* HexTerrainDemo.app */,
			);
			name = Products;
			sourceTree = "<group>";
		};
		D78D6053219FB7DD00B995B8 /* HexTerrainDemo */ = {
			isa = PBXGroup;
			children = (
				D78D6054219FB7DD00B995B8 /* AppDelegate.swift */,
				D78D6056219FB7DD00B995B8 /* art.scnassets */,
				D78D6058219FB7DD00B995B8 /* ViewController.swift */,
				D78D605A219FB7DD00B995B8 /* Main.storyboard */,
				D78D605D219FB7DE00B995B8 /* Assets.xcassets */,
				D78D605F219FB7DE00B995B8 /* LaunchScreen.storyboard */,
				D78D6062219FB7DE00B995B8 /* Info.plist */,
			);
			path = HexTerrainDemo;
			sourceTree = "<group>";
		};
/* End PBXGroup section */

/* Begin PBXNativeTarget section */
		D78D6050219FB7DD00B995B8 /* HexTerrainDemo */ = {
			isa = PBXNativeTarget;
			buildConfigurationList = D78D6065219FB7DE00B995B8 /* Build configuration list for PBXNativeTarget "HexTerrainDemo" */;
			buildPhases = (
				D78D604D219FB7DD00B995B8 /* Sources */,
				D78D604E219FB7DD00B995B8 /* Frameworks */,
				D78D604F219FB7DD00B995B8 /* Resources */,
			);
			buildRules = (
			);
			dependencies = (
			);
			name = HexTerrainDemo;
			productName = HexTerrainDemo;
			productReference = D78D6051219FB7DD00B995B8 /* HexTerrainDemo.app */;
			productType = "com.apple.product-type.application";
		};
/* End PBXNativeTarget section */

/* Begin PBXProject section */
		D78D6049219FB7DD00B995B8 /* Project object */ = {
			isa = PBXProject;
			attributes = {
				LastSwiftUpdateCheck = 1010;
				LastUpgradeCheck = 1010;
				ORGANIZATIONNAME = UW;
				TargetAttributes = {
					D78D6050219FB7DD00B995B8 = {
						CreatedOnToolsVersion = 10.1;
					};
				};
			};
			buildConfigurationList = D78D604C219FB7DD00B995B8 /* Build configuration list for PBXProject "HexTerrainDemo" */;
			compatibilityVersion = "Xcode 9.3";
			developmentRegion = en;
			hasScannedForEncodings = 0;
			knownRegions = (
				en,
				Base,
			);
			mainGroup = D78D6048219FB7DD00B995B8;
			productRefGroup = D78D6052219FB7DD00B995B8 /* Products */;
			projectDirPath = "";
			projectRoot = "";
			targets = (
				D78D6050219FB7DD00B995B8 /* HexTerrainDemo */,
			);
		};
/* End PBXProject section */

/* Begin PBXResourcesBuildPhase section */
		D78D604F219FB7DD00B995B8 /* Resources */ = {
			isa = PBXResourcesBuildPhase;
			buildActionMask = 2147483647;
			files = (
				D78D6057219FB7DD00B995B8 /* art.scnassets in Resources */,
				D78D6061219FB7DE00B995B8 /* LaunchScreen.storyboard in Resources */,
				D78D605E219FB7DE00B995B8 /* Assets.xcassets in Resources */,
				D78D605C219FB7DD00B995B8 /* Main.storyboard in Resources */,
			);
			runOnlyForDeploymentPostprocessing = 0;
		};
/* End PBXResourcesBuildPhase section */

/* Begin PBXSourcesBuildPhase section */
		D78D604D219FB7DD00B995B8 /* Sources */ = {
			isa = PBXSourcesBuildPhase;
			buildActionMask = 2147483647;
			files = (
				D78D6059219FB7DD00B995B8 /* ViewController.swift in Sources */,
				D78D6055219FB7DD00B995B8 /* AppDelegate.swift in Sources */,
			);
			runOnlyForDeploymentPostprocessing = 0;
		};
/* End PBXSourcesBuildPhase section */

/* Begin PBXVariantGroup section */
		D78D605A219FB7DD00B995B8 /* Main.storyboard */ = {
			isa = PBXVariantGroup;
			children = (
				D78D605B219FB7DD00B995B8 /* Base */,
			);
			name = Main.storyboard;
			sourceTree = "<group>";
		};
		D78D605F219FB7DE00B995B8 /* LaunchScreen.storyboard */ = {
			isa = PBXVariantGroup;
			children = (
				D78D6060219FB7DE00B995B8 /* Base */,
			);
			name = LaunchScreen.storyboard;
			sourceTree = "<group>";
		};
/* End PBXVariantGroup section */

/* Begin XCBuildConfiguration section */
		D78D6063219FB7DE00B995B8 /* Debug */ = {
			isa = XCBuildConfiguration;
			buildSettings = {
				ALWAYS_SEARCH_USER_PATHS = NO;
				CLANG_ANALYZER_NONNULL = YES;
				CLANG_ANALYZER_NUMBER_OBJECT_CONVERSION = YES_AGGRESSIVE;
				CLANG_CXX_LANGUAGE_STANDARD = "gnu++14";
				CLANG_CXX_LIBRARY = "libc++";
				CLANG_ENABLE_MODULES = YES;
				CLANG_ENABLE_OBJC_ARC = YES;
				CLANG_ENABLE_OBJC_WEAK = YES;
				CLANG_WARN_BLOCK_CAPTURE_AUTORELEASING = YES;
				CLANG_WARN_BOOL_CONVERSION = YES;
				CLANG_WARN_COMMA = YES;
				CLANG_WARN_CONSTANT_CONVERSION = YES;
				CLANG_WARN_DEPRECATED_OBJC_IMPLEMENTATIONS = YES;
				CLANG_WARN_DIRECT_OBJC_ISA_USAGE = YES_ERROR;
				CLANG_WARN_DOCUMENTATION_COMMENTS = YES;
				CLANG_WARN_EMPTY_BODY = YES;
				CLANG_WARN_ENUM_CONVERSION = YES;
				CLANG_WARN_INFINITE_RECURSION = YES;
				CLANG_WARN_INT_CONVERSION = YES;
				CLANG_WARN_NON_LITERAL_NULL_CONVERSION = YES;
				CLANG_WARN_OBJC_IMPLICIT_RETAIN_SELF = YES;
				CLANG_WARN_OBJC_LITERAL_CONVERSION = YES;
				CLANG_WARN_OBJC_ROOT_CLASS = YES_ERROR;
				CLANG_WARN_RANGE_LOOP_ANALYSIS = YES;
				CLANG_WARN_STRICT_PROTOTYPES = YES;
				CLANG_WARN_SUSPICIOUS_MOVE = YES;
				CLANG_WARN_UNGUARDED_AVAILABILITY = YES_AGGRESSIVE;
				CLANG_WARN_UNREACHABLE_CODE = YES;
				CLANG_WARN__DUPLICATE_METHOD_MATCH = YES;
				CODE_SIGN_IDENTITY = "iPhone Developer";
				COPY_PHASE_STRIP = NO;
				DEBUG_INFORMATION_FORMAT = dwarf;
				ENABLE_STRICT_OBJC_MSGSEND = YES;
				ENABLE_TESTABILITY = YES;
				GCC_C_LANGUAGE_STANDARD = gnu11;
				GCC_DYNAMIC_NO_PIC = NO;
				GCC_NO_COMMON_BLOCKS = YES;
				GCC_OPTIMIZATION_LEVEL = 0;
				GCC_PREPROCESSOR_DEFINITIONS = (
					"DEBUG=1",
					"$(inherited)",
				);
				GCC_WARN_64_TO_32_BIT_CONVERSION = YES;
				GCC_WARN_ABOUT_RETURN_TYPE = YES_ERROR;
				GCC_WARN_UNDECLARED_SELECTOR = YES;
				GCC_WARN_UNINITIALIZED_AUTOS = YES_AGGRESSIVE;
				GCC_WARN_UNUSED_FUNCTION = YES;
				GCC_WARN_UNUSED_VARIABLE = YES;
				IPHONEOS_DEPLOYMENT_TARGET = 12.1;
				MTL_ENABLE_DEBUG_INFO = INCLUDE_SOURCE;
				MTL_FAST_MATH = YES;
				ONLY_ACTIVE_ARCH = YES;
				SDKROOT = iphoneos;
				SWIFT_ACTIVE_COMPILATION_CONDITIONS = DEBUG;
				SWIFT_OPTIMIZATION_LEVEL = "-Onone";
			};
			name = Debug;
		};
		D78D6064219FB7DE00B995B8 /* Release */ = {
			isa = XCBuildConfiguration;
			buildSettings = {
				ALWAYS_SEARCH_USER_PATHS = NO;
				CLANG_ANALYZER_NONNULL = YES;
				CLANG_ANALYZER_NUMBER_OBJECT_CONVERSION = YES_AGGRESSIVE;
				CLANG_CXX_LANGUAGE_STANDARD = "gnu++14";
				CLANG_CXX_LIBRARY = "libc++";
				CLANG_ENABLE_MODULES = YES;
				CLANG_ENABLE_OBJC_ARC = YES;
				CLANG_ENABLE_OBJC_WEAK = YES;
				CLANG_WARN_BLOCK_CAPTURE_AUTORELEASING = YES;
				CLANG_WARN_BOOL_CONVERSION = YES;
				CLANG_WARN_COMMA = YES;
				CLANG_WARN_CONSTANT_CONVERSION = YES;
				CLANG_WARN_DEPRECATED_OBJC_IMPLEMENTATIONS = YES;
				CLANG_WARN_DIRECT_OBJC_ISA_USAGE = YES_ERROR;
				CLANG_WARN_DOCUMENTATION_COMMENTS = YES;
				CLANG_WARN_EMPTY_BODY = YES;
				CLANG_WARN_ENUM_CONVERSION = YES;
				CLANG_WARN_INFINITE_RECURSION = YES;
				CLANG_WARN_INT_CONVERSION = YES;
				CLANG_WARN_NON_LITERAL_NULL_CONVERSION = YES;
				CLANG_WARN_OBJC_IMPLICIT_RETAIN_SELF = YES;
				CLANG_WARN_OBJC_LITERAL_CONVERSION = YES;
				CLANG_WARN_OBJC_ROOT_CLASS = YES_ERROR;
				CLANG_WARN_RANGE_LOOP_ANALYSIS = YES;
				CLANG_WARN_STRICT_PROTOTYPES = YES;
				CLANG_WARN_SUSPICIOUS_MOVE = YES;
				CLANG_WARN_UNGUARDED_AVAILABILITY = YES_AGGRESSIVE;
				CLANG_WARN_UNREACHABLE_CODE = YES;
				CLANG_WARN__DUPLICATE_METHOD_MATCH = YES;
				CODE_SIGN_IDENTITY = "iPhone Developer";
				COPY_PHASE_STRIP = NO;
				DEBUG_INFORMATION_FORMAT = "dwarf-with-dsym";
				ENABLE_NS_ASSERTIONS = NO;
				ENABLE_STRICT_OBJC_MSGSEND = YES;
				GCC_C_LANGUAGE_STANDARD = gnu11;
				GCC_NO_COMMON_BLOCKS = YES;
				GCC_WARN_64_TO_32_BIT_CONVERSION = YES;
				GCC_WARN_ABOUT_RETURN_TYPE = YES_ERROR;
				GCC_WARN_UNDECLARED_SELECTOR = YES;
				GCC_WARN_UNINITIALIZED_AUTOS = YES_AGGRESSIVE;
				GCC_WARN_UNUSED_FUNCTION = YES;
				GCC_WARN_UNUSED_VARIABLE = YES;
				IPHONEOS_DEPLOYMENT_TARGET = 12.1;
				MTL_ENABLE_DEBUG_INFO = NO;
				MTL_FAST_MATH = YES;
				SDKROOT = iphoneos;
				SWIFT_COMPILATION_MODE = wholemodule;
				SWIFT_OPTIMIZATION_LEVEL = "-O";
				VALIDATE_PRODUCT = YES;
			};
			name = Release;
		};
		D78D6066219FB7DE00B995B8 /* Debug */ = {
			isa = XCBuildConfiguration;
			buildSettings = {
				ASSETCATALOG_COMPILER_APPICON_NAME = AppIcon;
				CODE_SIGN_STYLE = Automatic;
				DEVELOPMENT_TEAM = CAUV8X6AAP;
				INFOPLIST_FILE = HexTerrainDemo/Info.plist;
				LD_RUNPATH_SEARCH_PATHS = (
					"$(inherited)",
					"@executable_path/Frameworks",
				);
				PRODUCT_BUNDLE_IDENTIFIER = edu.uw.HexTerrainDemo;
				PRODUCT_NAME = "$(TARGET_NAME)";
				SWIFT_VERSION = 4.2;
				TARGETED_DEVICE_FAMILY = "1,2";
			};
			name = Debug;
		};
		D78D6067219FB7DE00B995B8 /* Release */ = {
			isa = XCBuildConfiguration;
			buildSettings = {
				ASSETCATALOG_COMPILER_APPICON_NAME = AppIcon;
				CODE_SIGN_STYLE = Automatic;
				DEVELOPMENT_TEAM = CAUV8X6AAP;
				INFOPLIST_FILE = HexTerrainDemo/Info.plist;
				LD_RUNPATH_SEARCH_PATHS = (
					"$(inherited)",
					"@executable_path/Frameworks",
				);
				PRODUCT_BUNDLE_IDENTIFIER = edu.uw.HexTerrainDemo;
				PRODUCT_NAME = "$(TARGET_NAME)";
				SWIFT_VERSION = 4.2;
				TARGETED_DEVICE_FAMILY = "1,2";
			};
			name = Release;
		};
/* End XCBuildConfiguration section */

/* Begin XCConfigurationList section */
		D78D604C219FB7DD00B995B8 /* Build configuration list for PBXProject "HexTerrainDemo" */ = {
			isa = XCConfigurationList;
			buildConfigurations = (
				D78D6063219FB7DE00B995B8 /* Debug */,
				D78D6064219FB7DE00B995B8 /* Release */,
			);
			defaultConfigurationIsVisible = 0;
			defaultConfigurationName = Release;
		};
		D78D6065219FB7DE00B995B8 /* Build configuration list for PBXNativeTarget "HexTerrainDemo" */ = {
			isa = XCConfigurationList;
			buildConfigurations = (
				D78D6066219FB7DE00B995B8 /* Debug */,
				D78D6067219FB7DE00B995B8 /* Release */,
			);
			defaultConfigurationIsVisible = 0;
			defaultConfigurationName = Release;
		};
/* End XCConfigurationList section */
	};
	rootObject = D78D6049219FB7DD00B995B8 /* Project object */;
}
